
Microsoft Visual Studio Solution File, Format Version 12.00
# Visual Studio Version 17
VisualStudioVersion = 17.13.35919.96
MinimumVisualStudioVersion = 10.0.40219.1
Project("{FAE04EC0-301F-11D3-BF4B-00C04F79EFBC}") = "LojaVirtualApi", "src\LojaVirtualApi\LojaVirtualApi.csproj", "{7BA03AF8-0219-4E43-A179-EB8FDCE4B58A}"
EndProject
Project("{FAE04EC0-301F-11D3-BF4B-00C04F79EFBC}") = "Classes-Compartilhadas", "src\Classes-Compartilhadas\Classes-Compartilhadas.csproj", "{ED54FB5B-3CE1-421F-B80F-D6C9D1130786}"
EndProject
Project("{FAE04EC0-301F-11D3-BF4B-00C04F79EFBC}") = "LojaVirtualMvc", "src\LojaVirtualMvc\LojaVirtualMvc.csproj", "{F82E3833-9247-48A4-A74A-FDE8BFBEB9B8}"
EndProject
Global
	GlobalSection(SolutionConfigurationPlatforms) = preSolution
		Debug|Any CPU = Debug|Any CPU
		Release|Any CPU = Release|Any CPU
	EndGlobalSection
	GlobalSection(ProjectConfigurationPlatforms) = postSolution
		{7BA03AF8-0219-4E43-A179-EB8FDCE4B58A}.Debug|Any CPU.ActiveCfg = Debug|Any CPU
		{7BA03AF8-0219-4E43-A179-EB8FDCE4B58A}.Debug|Any CPU.Build.0 = Debug|Any CPU
		{7BA03AF8-0219-4E43-A179-EB8FDCE4B58A}.Release|Any CPU.ActiveCfg = Release|Any CPU
		{7BA03AF8-0219-4E43-A179-EB8FDCE4B58A}.Release|Any CPU.Build.0 = Release|Any CPU
		{ED54FB5B-3CE1-421F-B80F-D6C9D1130786}.Debug|Any CPU.ActiveCfg = Debug|Any CPU
		{ED54FB5B-3CE1-421F-B80F-D6C9D1130786}.Debug|Any CPU.Build.0 = Debug|Any CPU
		{ED54FB5B-3CE1-421F-B80F-D6C9D1130786}.Release|Any CPU.ActiveCfg = Release|Any CPU
		{ED54FB5B-3CE1-421F-B80F-D6C9D1130786}.Release|Any CPU.Build.0 = Release|Any CPU
		{F82E3833-9247-48A4-A74A-FDE8BFBEB9B8}.Debug|Any CPU.ActiveCfg = Debug|Any CPU
		{F82E3833-9247-48A4-A74A-FDE8BFBEB9B8}.Debug|Any CPU.Build.0 = Debug|Any CPU
		{F82E3833-9247-48A4-A74A-FDE8BFBEB9B8}.Release|Any CPU.ActiveCfg = Release|Any CPU
		{F82E3833-9247-48A4-A74A-FDE8BFBEB9B8}.Release|Any CPU.Build.0 = Release|Any CPU
	EndGlobalSection
	GlobalSection(SolutionProperties) = preSolution
		HideSolutionNode = FALSE
	EndGlobalSection
	GlobalSection(ExtensibilityGlobals) = postSolution
		SolutionGuid = {355B268F-FA30-4468-BE6C-ECF5B5756496}
	EndGlobalSection
EndGlobal
